
Microsoft Visual Studio Solution File, Format Version 12.00
# Visual Studio 15
VisualStudioVersion = 15.0.28307.271
MinimumVisualStudioVersion = 10.0.40219.1
Project("{FAE04EC0-301F-11D3-BF4B-00C04F79EFBC}") = "Module01Project1", "Module01Project1\Module01Project1.csproj", "{B668B148-0371-4A02-AFB3-B3DD0507FF2D}"
EndProject
Global
	GlobalSection(SolutionConfigurationPlatforms) = preSolution
		Debug|Any CPU = Debug|Any CPU
		Release|Any CPU = Release|Any CPU
	EndGlobalSection
	GlobalSection(ProjectConfigurationPlatforms) = postSolution
		{B668B148-0371-4A02-AFB3-B3DD0507FF2D}.Debug|Any CPU.ActiveCfg = Debug|Any CPU
		{B668B148-0371-4A02-AFB3-B3DD0507FF2D}.Debug|Any CPU.Build.0 = Debug|Any CPU
		{B668B148-0371-4A02-AFB3-B3DD0507FF2D}.Release|Any CPU.ActiveCfg = Release|Any CPU
		{B668B148-0371-4A02-AFB3-B3DD0507FF2D}.Release|Any CPU.Build.0 = Release|Any CPU
	EndGlobalSection
	GlobalSection(SolutionProperties) = preSolution
		HideSolutionNode = FALSE
	EndGlobalSection
	GlobalSection(ExtensibilityGlobals) = postSolution
		SolutionGuid = {2B889D07-6388-4052-9EE4-5D818DEBBBD7}
	EndGlobalSection
EndGlobal
